
Microsoft Visual Studio Solution File, Format Version 12.00
# Visual Studio Version 17
VisualStudioVersion = 17.8.34330.188
MinimumVisualStudioVersion = 10.0.40219.1
Project("{FAE04EC0-301F-11D3-BF4B-00C04F79EFBC}") = "TiendaHD", "TiendaHD\TiendaHD.csproj", "{3CF2562F-4A86-4C3D-9293-F29C2D72FEB1}"
EndProject
Global
	GlobalSection(SolutionConfigurationPlatforms) = preSolution
		Debug|Any CPU = Debug|Any CPU
		Release|Any CPU = Release|Any CPU
	EndGlobalSection
	GlobalSection(ProjectConfigurationPlatforms) = postSolution
		{3CF2562F-4A86-4C3D-9293-F29C2D72FEB1}.Debug|Any CPU.ActiveCfg = Debug|Any CPU
		{3CF2562F-4A86-4C3D-9293-F29C2D72FEB1}.Debug|Any CPU.Build.0 = Debug|Any CPU
		{3CF2562F-4A86-4C3D-9293-F29C2D72FEB1}.Release|Any CPU.ActiveCfg = Release|Any CPU
		{3CF2562F-4A86-4C3D-9293-F29C2D72FEB1}.Release|Any CPU.Build.0 = Release|Any CPU
	EndGlobalSection
	GlobalSection(SolutionProperties) = preSolution
		HideSolutionNode = FALSE
	EndGlobalSection
	GlobalSection(ExtensibilityGlobals) = postSolution
		SolutionGuid = {2DE0310B-AAF7-457F-BBF7-DFEB270F2CB5}
	EndGlobalSection
EndGlobal
